
Microsoft Visual Studio Solution File, Format Version 12.00
# Visual Studio Version 16
VisualStudioVersion = 16.0.30114.105
MinimumVisualStudioVersion = 10.0.40219.1
Project("{FAE04EC0-301F-11D3-BF4B-00C04F79EFBC}") = "PrimeService", "PrimeService\PrimeService.csproj", "{E0096D51-39D7-4841-BC89-3B87E8A455E5}"
EndProject
Project("{FAE04EC0-301F-11D3-BF4B-00C04F79EFBC}") = "PrimeService.Tests", "PrimeService.Tests\PrimeService.Tests.csproj", "{38CAC695-63DB-40C2-8497-C7D36D99985E}"
EndProject
Global
	GlobalSection(SolutionConfigurationPlatforms) = preSolution
		Debug|Any CPU = Debug|Any CPU
		Release|Any CPU = Release|Any CPU
	EndGlobalSection
	GlobalSection(SolutionProperties) = preSolution
		HideSolutionNode = FALSE
	EndGlobalSection
	GlobalSection(ProjectConfigurationPlatforms) = postSolution
		{E0096D51-39D7-4841-BC89-3B87E8A455E5}.Debug|Any CPU.ActiveCfg = Debug|Any CPU
		{E0096D51-39D7-4841-BC89-3B87E8A455E5}.Debug|Any CPU.Build.0 = Debug|Any CPU
		{E0096D51-39D7-4841-BC89-3B87E8A455E5}.Release|Any CPU.ActiveCfg = Release|Any CPU
		{E0096D51-39D7-4841-BC89-3B87E8A455E5}.Release|Any CPU.Build.0 = Release|Any CPU
		{38CAC695-63DB-40C2-8497-C7D36D99985E}.Debug|Any CPU.ActiveCfg = Debug|Any CPU
		{38CAC695-63DB-40C2-8497-C7D36D99985E}.Debug|Any CPU.Build.0 = Debug|Any CPU
		{38CAC695-63DB-40C2-8497-C7D36D99985E}.Release|Any CPU.ActiveCfg = Release|Any CPU
		{38CAC695-63DB-40C2-8497-C7D36D99985E}.Release|Any CPU.Build.0 = Release|Any CPU
	EndGlobalSection
EndGlobal
